
Microsoft Visual Studio Solution File, Format Version 12.00
# Visual Studio 2012
Project("{FAE04EC0-301F-11D3-BF4B-00C04F79EFBC}") = "ExamSystem", "ExamSystem\ExamSystem.csproj", "{AE272E6C-9CA9-466E-8B30-B4A02A1008AE}"
EndProject
Project("{FAE04EC0-301F-11D3-BF4B-00C04F79EFBC}") = "DataMigration", "DataMigration\DataMigration.csproj", "{BE79CC3B-E4B6-4297-9622-406B7EFA9795}"
EndProject
Project("{FAE04EC0-301F-11D3-BF4B-00C04F79EFBC}") = "ExamResult", "ExamResult\ExamResult.csproj", "{58BF40FE-67D3-4FBB-899B-3A59B8CCD0AA}"
EndProject
Project("{FAE04EC0-301F-11D3-BF4B-00C04F79EFBC}") = "DBHelper", "DBHelper\DBHelper.csproj", "{1804C95B-E4BB-40F0-8AB7-2EEA6ACC3001}"
EndProject
Global
	GlobalSection(SolutionConfigurationPlatforms) = preSolution
		Debug|Any CPU = Debug|Any CPU
		Release|Any CPU = Release|Any CPU
	EndGlobalSection
	GlobalSection(ProjectConfigurationPlatforms) = postSolution
		{AE272E6C-9CA9-466E-8B30-B4A02A1008AE}.Debug|Any CPU.ActiveCfg = Debug|Any CPU
		{AE272E6C-9CA9-466E-8B30-B4A02A1008AE}.Debug|Any CPU.Build.0 = Debug|Any CPU
		{AE272E6C-9CA9-466E-8B30-B4A02A1008AE}.Release|Any CPU.ActiveCfg = Release|Any CPU
		{AE272E6C-9CA9-466E-8B30-B4A02A1008AE}.Release|Any CPU.Build.0 = Release|Any CPU
		{BE79CC3B-E4B6-4297-9622-406B7EFA9795}.Debug|Any CPU.ActiveCfg = Debug|Any CPU
		{BE79CC3B-E4B6-4297-9622-406B7EFA9795}.Debug|Any CPU.Build.0 = Debug|Any CPU
		{BE79CC3B-E4B6-4297-9622-406B7EFA9795}.Release|Any CPU.ActiveCfg = Release|Any CPU
		{BE79CC3B-E4B6-4297-9622-406B7EFA9795}.Release|Any CPU.Build.0 = Release|Any CPU
		{58BF40FE-67D3-4FBB-899B-3A59B8CCD0AA}.Debug|Any CPU.ActiveCfg = Debug|Any CPU
		{58BF40FE-67D3-4FBB-899B-3A59B8CCD0AA}.Debug|Any CPU.Build.0 = Debug|Any CPU
		{58BF40FE-67D3-4FBB-899B-3A59B8CCD0AA}.Release|Any CPU.ActiveCfg = Release|Any CPU
		{58BF40FE-67D3-4FBB-899B-3A59B8CCD0AA}.Release|Any CPU.Build.0 = Release|Any CPU
		{1804C95B-E4BB-40F0-8AB7-2EEA6ACC3001}.Debug|Any CPU.ActiveCfg = Debug|Any CPU
		{1804C95B-E4BB-40F0-8AB7-2EEA6ACC3001}.Debug|Any CPU.Build.0 = Debug|Any CPU
		{1804C95B-E4BB-40F0-8AB7-2EEA6ACC3001}.Release|Any CPU.ActiveCfg = Release|Any CPU
		{1804C95B-E4BB-40F0-8AB7-2EEA6ACC3001}.Release|Any CPU.Build.0 = Release|Any CPU
	EndGlobalSection
	GlobalSection(SolutionProperties) = preSolution
		HideSolutionNode = FALSE
	EndGlobalSection
EndGlobal
